
Microsoft Visual Studio Solution File, Format Version 12.00
# Visual Studio Version 16
VisualStudioVersion = 16.0.31205.134
MinimumVisualStudioVersion = 10.0.40219.1
Project("{FAE04EC0-301F-11D3-BF4B-00C04F79EFBC}") = "WebProxyService", "WebProxyService.csproj", "{6031418C-9B27-448B-ACA5-35C21DCE1D84}"
EndProject
Project("{FAE04EC0-301F-11D3-BF4B-00C04F79EFBC}") = "WebProxyServiceSelfHosted", "WebProxyServiceSelfHosted\WebProxyServiceSelfHosted.csproj", "{356B6E05-6811-4C00-B00F-FF2197274B0D}"
EndProject
Global
	GlobalSection(SolutionConfigurationPlatforms) = preSolution
		Debug|Any CPU = Debug|Any CPU
		Release|Any CPU = Release|Any CPU
	EndGlobalSection
	GlobalSection(ProjectConfigurationPlatforms) = postSolution
		{6031418C-9B27-448B-ACA5-35C21DCE1D84}.Debug|Any CPU.ActiveCfg = Debug|Any CPU
		{6031418C-9B27-448B-ACA5-35C21DCE1D84}.Debug|Any CPU.Build.0 = Debug|Any CPU
		{6031418C-9B27-448B-ACA5-35C21DCE1D84}.Release|Any CPU.ActiveCfg = Release|Any CPU
		{6031418C-9B27-448B-ACA5-35C21DCE1D84}.Release|Any CPU.Build.0 = Release|Any CPU
		{356B6E05-6811-4C00-B00F-FF2197274B0D}.Debug|Any CPU.ActiveCfg = Debug|Any CPU
		{356B6E05-6811-4C00-B00F-FF2197274B0D}.Debug|Any CPU.Build.0 = Debug|Any CPU
		{356B6E05-6811-4C00-B00F-FF2197274B0D}.Release|Any CPU.ActiveCfg = Release|Any CPU
		{356B6E05-6811-4C00-B00F-FF2197274B0D}.Release|Any CPU.Build.0 = Release|Any CPU
	EndGlobalSection
	GlobalSection(SolutionProperties) = preSolution
		HideSolutionNode = FALSE
	EndGlobalSection
	GlobalSection(ExtensibilityGlobals) = postSolution
		SolutionGuid = {6B6D385C-99DE-4734-AB01-B4C9D936D7FF}
	EndGlobalSection
EndGlobal
