
Microsoft Visual Studio Solution File, Format Version 12.00
# Visual Studio Version 16
VisualStudioVersion = 16.0.31205.134
MinimumVisualStudioVersion = 10.0.40219.1
Project("{FAE04EC0-301F-11D3-BF4B-00C04F79EFBC}") = "WindowsFormsApp1", "WindowsFormsApp1.csproj", "{37D98941-27BF-4CB8-9CFA-B8B8D19EA724}"
EndProject
Global
	GlobalSection(SolutionConfigurationPlatforms) = preSolution
		Debug|Any CPU = Debug|Any CPU
		Release|Any CPU = Release|Any CPU
	EndGlobalSection
	GlobalSection(ProjectConfigurationPlatforms) = postSolution
		{37D98941-27BF-4CB8-9CFA-B8B8D19EA724}.Debug|Any CPU.ActiveCfg = Debug|Any CPU
		{37D98941-27BF-4CB8-9CFA-B8B8D19EA724}.Debug|Any CPU.Build.0 = Debug|Any CPU
		{37D98941-27BF-4CB8-9CFA-B8B8D19EA724}.Release|Any CPU.ActiveCfg = Release|Any CPU
		{37D98941-27BF-4CB8-9CFA-B8B8D19EA724}.Release|Any CPU.Build.0 = Release|Any CPU
	EndGlobalSection
	GlobalSection(SolutionProperties) = preSolution
		HideSolutionNode = FALSE
	EndGlobalSection
	GlobalSection(ExtensibilityGlobals) = postSolution
		SolutionGuid = {33EF5590-B5EF-49A4-B0FF-C8948C75CEBE}
	EndGlobalSection
EndGlobal
